
Microsoft Visual Studio Solution File, Format Version 12.00
# Visual Studio 15
VisualStudioVersion = 15.0.28307.902
MinimumVisualStudioVersion = 10.0.40219.1
Project("{FAE04EC0-301F-11D3-BF4B-00C04F79EFBC}") = "PictureWork", "PictureWork\PictureWork.csproj", "{FA2F71AD-A336-49F7-AEF5-01DA13737AB0}"
EndProject
Global
	GlobalSection(SolutionConfigurationPlatforms) = preSolution
		Debug|Any CPU = Debug|Any CPU
		Release|Any CPU = Release|Any CPU
	EndGlobalSection
	GlobalSection(ProjectConfigurationPlatforms) = postSolution
		{FA2F71AD-A336-49F7-AEF5-01DA13737AB0}.Debug|Any CPU.ActiveCfg = Debug|Any CPU
		{FA2F71AD-A336-49F7-AEF5-01DA13737AB0}.Debug|Any CPU.Build.0 = Debug|Any CPU
		{FA2F71AD-A336-49F7-AEF5-01DA13737AB0}.Release|Any CPU.ActiveCfg = Release|Any CPU
		{FA2F71AD-A336-49F7-AEF5-01DA13737AB0}.Release|Any CPU.Build.0 = Release|Any CPU
	EndGlobalSection
	GlobalSection(SolutionProperties) = preSolution
		HideSolutionNode = FALSE
	EndGlobalSection
	GlobalSection(ExtensibilityGlobals) = postSolution
		SolutionGuid = {8A4EF95D-E650-4939-8BF2-A91A9DB6C59A}
	EndGlobalSection
EndGlobal
