
Microsoft Visual Studio Solution File, Format Version 12.00
# Visual Studio 15
VisualStudioVersion = 15.0.28307.902
MinimumVisualStudioVersion = 10.0.40219.1
Project("{FAE04EC0-301F-11D3-BF4B-00C04F79EFBC}") = "SolveTask", "PictureWork\SolveTask.csproj", "{FA2F71AD-A336-49F7-AEF5-01DA13737AB0}"
EndProject
Project("{FAE04EC0-301F-11D3-BF4B-00C04F79EFBC}") = "WindowsFormsApp", "WindowsFormsApp\WindowsFormsApp.csproj", "{46D3603B-AF5D-44A5-A4C3-C0CC1D8C6AB1}"
EndProject
Project("{FAE04EC0-301F-11D3-BF4B-00C04F79EFBC}") = "IO", "IO\IO.csproj", "{2C7F7D43-E8D4-474C-A4F0-EAB15CCE1A18}"
EndProject
Project("{FAE04EC0-301F-11D3-BF4B-00C04F79EFBC}") = "DataClassLibrary", "DataClassLibrary\DataClassLibrary.csproj", "{75433770-209D-44E3-9BF4-5DC16D064AAC}"
EndProject
Global
	GlobalSection(SolutionConfigurationPlatforms) = preSolution
		Debug|Any CPU = Debug|Any CPU
		Debug|x86 = Debug|x86
		Release|Any CPU = Release|Any CPU
		Release|x86 = Release|x86
	EndGlobalSection
	GlobalSection(ProjectConfigurationPlatforms) = postSolution
		{FA2F71AD-A336-49F7-AEF5-01DA13737AB0}.Debug|Any CPU.ActiveCfg = Debug|Any CPU
		{FA2F71AD-A336-49F7-AEF5-01DA13737AB0}.Debug|Any CPU.Build.0 = Debug|Any CPU
		{FA2F71AD-A336-49F7-AEF5-01DA13737AB0}.Debug|x86.ActiveCfg = Debug|x86
		{FA2F71AD-A336-49F7-AEF5-01DA13737AB0}.Debug|x86.Build.0 = Debug|x86
		{FA2F71AD-A336-49F7-AEF5-01DA13737AB0}.Release|Any CPU.ActiveCfg = Release|Any CPU
		{FA2F71AD-A336-49F7-AEF5-01DA13737AB0}.Release|Any CPU.Build.0 = Release|Any CPU
		{FA2F71AD-A336-49F7-AEF5-01DA13737AB0}.Release|x86.ActiveCfg = Release|x86
		{FA2F71AD-A336-49F7-AEF5-01DA13737AB0}.Release|x86.Build.0 = Release|x86
		{46D3603B-AF5D-44A5-A4C3-C0CC1D8C6AB1}.Debug|Any CPU.ActiveCfg = Debug|Any CPU
		{46D3603B-AF5D-44A5-A4C3-C0CC1D8C6AB1}.Debug|Any CPU.Build.0 = Debug|Any CPU
		{46D3603B-AF5D-44A5-A4C3-C0CC1D8C6AB1}.Debug|x86.ActiveCfg = Debug|Any CPU
		{46D3603B-AF5D-44A5-A4C3-C0CC1D8C6AB1}.Debug|x86.Build.0 = Debug|Any CPU
		{46D3603B-AF5D-44A5-A4C3-C0CC1D8C6AB1}.Release|Any CPU.ActiveCfg = Release|Any CPU
		{46D3603B-AF5D-44A5-A4C3-C0CC1D8C6AB1}.Release|Any CPU.Build.0 = Release|Any CPU
		{46D3603B-AF5D-44A5-A4C3-C0CC1D8C6AB1}.Release|x86.ActiveCfg = Release|Any CPU
		{46D3603B-AF5D-44A5-A4C3-C0CC1D8C6AB1}.Release|x86.Build.0 = Release|Any CPU
		{2C7F7D43-E8D4-474C-A4F0-EAB15CCE1A18}.Debug|Any CPU.ActiveCfg = Debug|Any CPU
		{2C7F7D43-E8D4-474C-A4F0-EAB15CCE1A18}.Debug|Any CPU.Build.0 = Debug|Any CPU
		{2C7F7D43-E8D4-474C-A4F0-EAB15CCE1A18}.Debug|x86.ActiveCfg = Debug|Any CPU
		{2C7F7D43-E8D4-474C-A4F0-EAB15CCE1A18}.Debug|x86.Build.0 = Debug|Any CPU
		{2C7F7D43-E8D4-474C-A4F0-EAB15CCE1A18}.Release|Any CPU.ActiveCfg = Release|Any CPU
		{2C7F7D43-E8D4-474C-A4F0-EAB15CCE1A18}.Release|Any CPU.Build.0 = Release|Any CPU
		{2C7F7D43-E8D4-474C-A4F0-EAB15CCE1A18}.Release|x86.ActiveCfg = Release|Any CPU
		{2C7F7D43-E8D4-474C-A4F0-EAB15CCE1A18}.Release|x86.Build.0 = Release|Any CPU
		{75433770-209D-44E3-9BF4-5DC16D064AAC}.Debug|Any CPU.ActiveCfg = Debug|Any CPU
		{75433770-209D-44E3-9BF4-5DC16D064AAC}.Debug|Any CPU.Build.0 = Debug|Any CPU
		{75433770-209D-44E3-9BF4-5DC16D064AAC}.Debug|x86.ActiveCfg = Debug|Any CPU
		{75433770-209D-44E3-9BF4-5DC16D064AAC}.Debug|x86.Build.0 = Debug|Any CPU
		{75433770-209D-44E3-9BF4-5DC16D064AAC}.Release|Any CPU.ActiveCfg = Release|Any CPU
		{75433770-209D-44E3-9BF4-5DC16D064AAC}.Release|Any CPU.Build.0 = Release|Any CPU
		{75433770-209D-44E3-9BF4-5DC16D064AAC}.Release|x86.ActiveCfg = Release|Any CPU
		{75433770-209D-44E3-9BF4-5DC16D064AAC}.Release|x86.Build.0 = Release|Any CPU
	EndGlobalSection
	GlobalSection(SolutionProperties) = preSolution
		HideSolutionNode = FALSE
	EndGlobalSection
	GlobalSection(ExtensibilityGlobals) = postSolution
		SolutionGuid = {8A4EF95D-E650-4939-8BF2-A91A9DB6C59A}
	EndGlobalSection
EndGlobal
